
Microsoft Visual Studio Solution File, Format Version 12.00
# Visual Studio Version 16
VisualStudioVersion = 16.0.31321.278
MinimumVisualStudioVersion = 10.0.40219.1
Project("{FAE04EC0-301F-11D3-BF4B-00C04F79EFBC}") = "Summanager", "Summanager\Summanager.csproj", "{8DC58EE9-42B3-4609-80CD-ADC7DA6B2360}"
EndProject
Global
	GlobalSection(SolutionConfigurationPlatforms) = preSolution
		Debug|Any CPU = Debug|Any CPU
		Release|Any CPU = Release|Any CPU
	EndGlobalSection
	GlobalSection(ProjectConfigurationPlatforms) = postSolution
		{8DC58EE9-42B3-4609-80CD-ADC7DA6B2360}.Debug|Any CPU.ActiveCfg = Debug|Any CPU
		{8DC58EE9-42B3-4609-80CD-ADC7DA6B2360}.Debug|Any CPU.Build.0 = Debug|Any CPU
		{8DC58EE9-42B3-4609-80CD-ADC7DA6B2360}.Release|Any CPU.ActiveCfg = Release|Any CPU
		{8DC58EE9-42B3-4609-80CD-ADC7DA6B2360}.Release|Any CPU.Build.0 = Release|Any CPU
	EndGlobalSection
	GlobalSection(SolutionProperties) = preSolution
		HideSolutionNode = FALSE
	EndGlobalSection
	GlobalSection(ExtensibilityGlobals) = postSolution
		SolutionGuid = {15ECFC47-2386-4DBA-B6C6-C21A69D81C9F}
	EndGlobalSection
EndGlobal
